
Microsoft Visual Studio Solution File, Format Version 12.00
# Visual Studio 2015
Project("{FAE04EC0-301F-11D3-BF4B-00C04F79EFBC}") = "XonixTestTask.CSharp", "XonixTestTask.CSharp.csproj", "{121FAF59-CA6E-621E-085C-117FD290EA7B}"
EndProject
Global
	GlobalSection(SolutionConfigurationPlatforms) = preSolution
		Debug|Any CPU = Debug|Any CPU
		Release|Any CPU = Release|Any CPU
	EndGlobalSection
	GlobalSection(ProjectConfigurationPlatforms) = postSolution
		{121FAF59-CA6E-621E-085C-117FD290EA7B}.Debug|Any CPU.ActiveCfg = Debug|Any CPU
		{121FAF59-CA6E-621E-085C-117FD290EA7B}.Debug|Any CPU.Build.0 = Debug|Any CPU
		{121FAF59-CA6E-621E-085C-117FD290EA7B}.Release|Any CPU.ActiveCfg = Release|Any CPU
		{121FAF59-CA6E-621E-085C-117FD290EA7B}.Release|Any CPU.Build.0 = Release|Any CPU
	EndGlobalSection
	GlobalSection(SolutionProperties) = preSolution
		HideSolutionNode = FALSE
	EndGlobalSection
EndGlobal
